// !$*UTF8*$!
{
	archiveVersion = 1;
	classes = {
	};
	objectVersion = 50;
	objects = {

/* Begin PBXBuildFile section */
		8E0624282587E64E00FBC033 /* UserSettings.swift in Sources */ = {isa = PBXBuildFile; fileRef = 8E0624272587E64E00FBC033 /* UserSettings.swift */; };
		8E06242B2587F67A00FBC033 /* ActivitySettingsView.swift in Sources */ = {isa = PBXBuildFile; fileRef = 8E06242A2587F67A00FBC033 /* ActivitySettingsView.swift */; };
		8E06242E2588537200FBC033 /* ReversedFlowLayout.swift in Sources */ = {isa = PBXBuildFile; fileRef = 8E06242D2588537200FBC033 /* ReversedFlowLayout.swift */; };
		8E426CDF2583E6A000B308A2 /* SettingsView.swift in Sources */ = {isa = PBXBuildFile; fileRef = 8E426CDE2583E6A000B308A2 /* SettingsView.swift */; };
		8EA8108C256C1CEF004CF6A5 /* App.swift in Sources */ = {isa = PBXBuildFile; fileRef = 8EA8108B256C1CEF004CF6A5 /* App.swift */; };
		8EA8108E256C1CEF004CF6A5 /* ActivityListView.swift in Sources */ = {isa = PBXBuildFile; fileRef = 8EA8108D256C1CEF004CF6A5 /* ActivityListView.swift */; };
		8EA81090256C1CF1004CF6A5 /* Assets.xcassets in Resources */ = {isa = PBXBuildFile; fileRef = 8EA8108F256C1CF1004CF6A5 /* Assets.xcassets */; };
		8EA81093256C1CF1004CF6A5 /* Preview Assets.xcassets in Resources */ = {isa = PBXBuildFile; fileRef = 8EA81092256C1CF1004CF6A5 /* Preview Assets.xcassets */; };
		8EA810AA256C39BC004CF6A5 /* ActivityView.swift in Sources */ = {isa = PBXBuildFile; fileRef = 8EA810A9256C39BC004CF6A5 /* ActivityView.swift */; };
		8EA810FA256C471B004CF6A5 /* Array+Extensions.swift in Sources */ = {isa = PBXBuildFile; fileRef = 8EA810D7256C471B004CF6A5 /* Array+Extensions.swift */; };
		8EA810FE256C471B004CF6A5 /* Date+Extension.swift in Sources */ = {isa = PBXBuildFile; fileRef = 8EA810DB256C471B004CF6A5 /* Date+Extension.swift */; };
		8EA81101256C471B004CF6A5 /* UIColor+Extensions.swift in Sources */ = {isa = PBXBuildFile; fileRef = 8EA810DE256C471B004CF6A5 /* UIColor+Extensions.swift */; };
		8EA81107256C471B004CF6A5 /* Common+Extensions.swift in Sources */ = {isa = PBXBuildFile; fileRef = 8EA810E4256C471B004CF6A5 /* Common+Extensions.swift */; };
		8EA81124256C4869004CF6A5 /* CalendarGridCell.swift in Sources */ = {isa = PBXBuildFile; fileRef = 8EA81121256C4869004CF6A5 /* CalendarGridCell.swift */; };
		8EA81133256C487D004CF6A5 /* String+Lookback.swift in Sources */ = {isa = PBXBuildFile; fileRef = 8EA81128256C487C004CF6A5 /* String+Lookback.swift */; };
		8EA81138256C487D004CF6A5 /* UIColor+Lookback.swift in Sources */ = {isa = PBXBuildFile; fileRef = 8EA8112D256C487C004CF6A5 /* UIColor+Lookback.swift */; };
		8EA8113B256C487D004CF6A5 /* UIFont+Lookback.swift in Sources */ = {isa = PBXBuildFile; fileRef = 8EA81130256C487D004CF6A5 /* UIFont+Lookback.swift */; };
		8EA81149256C4A6B004CF6A5 /* CalendarWeekdayHeaderViewController.swift in Sources */ = {isa = PBXBuildFile; fileRef = 8EA8113F256C4A6B004CF6A5 /* CalendarWeekdayHeaderViewController.swift */; };
		8EA8114C256C4A6B004CF6A5 /* CalendarGridViewController.swift in Sources */ = {isa = PBXBuildFile; fileRef = 8EA81142256C4A6B004CF6A5 /* CalendarGridViewController.swift */; };
		8EA8114D256C4A6B004CF6A5 /* ActivityViewController.swift in Sources */ = {isa = PBXBuildFile; fileRef = 8EA81143256C4A6B004CF6A5 /* ActivityViewController.swift */; };
		8EA8117E256C4B33004CF6A5 /* Gotham-XLight.otf in Resources */ = {isa = PBXBuildFile; fileRef = 8EA81171256C4B33004CF6A5 /* Gotham-XLight.otf */; };
		8EA8117F256C4B33004CF6A5 /* Gotham-Black.otf in Resources */ = {isa = PBXBuildFile; fileRef = 8EA81172256C4B33004CF6A5 /* Gotham-Black.otf */; };
		8EA81180256C4B33004CF6A5 /* Gotham-XLightItalic.otf in Resources */ = {isa = PBXBuildFile; fileRef = 8EA81173256C4B33004CF6A5 /* Gotham-XLightItalic.otf */; };
		8EA81181256C4B33004CF6A5 /* Gotham-Medium.otf in Resources */ = {isa = PBXBuildFile; fileRef = 8EA81174256C4B33004CF6A5 /* Gotham-Medium.otf */; };
		8EA81182256C4B33004CF6A5 /* Gotham-Book.otf in Resources */ = {isa = PBXBuildFile; fileRef = 8EA81175256C4B33004CF6A5 /* Gotham-Book.otf */; };
		8EA81183256C4B33004CF6A5 /* Gotham-Bold.otf in Resources */ = {isa = PBXBuildFile; fileRef = 8EA81176256C4B33004CF6A5 /* Gotham-Bold.otf */; };
		8EA81184256C4B33004CF6A5 /* Gotham-LightItalic.otf in Resources */ = {isa = PBXBuildFile; fileRef = 8EA81177256C4B33004CF6A5 /* Gotham-LightItalic.otf */; };
		8EA81185256C4B33004CF6A5 /* Gotham-Light.otf in Resources */ = {isa = PBXBuildFile; fileRef = 8EA81178256C4B33004CF6A5 /* Gotham-Light.otf */; };
		8EA81186256C4B33004CF6A5 /* Gotham-BoldItalic.otf in Resources */ = {isa = PBXBuildFile; fileRef = 8EA81179256C4B33004CF6A5 /* Gotham-BoldItalic.otf */; };
		8EA81187256C4B33004CF6A5 /* Gotham-BookItalic.otf in Resources */ = {isa = PBXBuildFile; fileRef = 8EA8117A256C4B33004CF6A5 /* Gotham-BookItalic.otf */; };
		8EA81188256C4B33004CF6A5 /* BobRoss.swift in Sources */ = {isa = PBXBuildFile; fileRef = 8EA8117B256C4B33004CF6A5 /* BobRoss.swift */; };
		8EA81189256C4B33004CF6A5 /* Gotham-BlackItalic.otf in Resources */ = {isa = PBXBuildFile; fileRef = 8EA8117C256C4B33004CF6A5 /* Gotham-BlackItalic.otf */; };
		8EA8118A256C4B33004CF6A5 /* Gotham-MediumItalic.otf in Resources */ = {isa = PBXBuildFile; fileRef = 8EA8117D256C4B33004CF6A5 /* Gotham-MediumItalic.otf */; };
		8EA81196256C58C3004CF6A5 /* lookback.xcdatamodeld in Sources */ = {isa = PBXBuildFile; fileRef = 8EA81194256C58C3004CF6A5 /* lookback.xcdatamodeld */; };
		8EA81199256C597B004CF6A5 /* DataLayer.swift in Sources */ = {isa = PBXBuildFile; fileRef = 8EA81198256C597B004CF6A5 /* DataLayer.swift */; };
		8EA811C6256D577B004CF6A5 /* ActivityRowView.swift in Sources */ = {isa = PBXBuildFile; fileRef = 8EA811C5256D577B004CF6A5 /* ActivityRowView.swift */; };
		8EA811D5256DA634004CF6A5 /* ActivityGridView.swift in Sources */ = {isa = PBXBuildFile; fileRef = 8EA811D4256DA634004CF6A5 /* ActivityGridView.swift */; };
		8EA811D9256EB57E004CF6A5 /* TextAlert.swift in Sources */ = {isa = PBXBuildFile; fileRef = 8EA811D8256EB57E004CF6A5 /* TextAlert.swift */; };
		8EA811DC25769FC1004CF6A5 /* MarkerView.swift in Sources */ = {isa = PBXBuildFile; fileRef = 8EA811DB25769FC1004CF6A5 /* MarkerView.swift */; };
/* End PBXBuildFile section */

/* Begin PBXFileReference section */
		8E0624272587E64E00FBC033 /* UserSettings.swift */ = {isa = PBXFileReference; lastKnownFileType = sourcecode.swift; path = UserSettings.swift; sourceTree = "<group>"; };
		8E06242A2587F67A00FBC033 /* ActivitySettingsView.swift */ = {isa = PBXFileReference; lastKnownFileType = sourcecode.swift; path = ActivitySettingsView.swift; sourceTree = "<group>"; };
		8E06242D2588537200FBC033 /* ReversedFlowLayout.swift */ = {isa = PBXFileReference; lastKnownFileType = sourcecode.swift; path = ReversedFlowLayout.swift; sourceTree = "<group>"; };
		8E426CDE2583E6A000B308A2 /* SettingsView.swift */ = {isa = PBXFileReference; lastKnownFileType = sourcecode.swift; path = SettingsView.swift; sourceTree = "<group>"; };
		8EA81088256C1CEF004CF6A5 /* lookback.app */ = {isa = PBXFileReference; explicitFileType = wrapper.application; includeInIndex = 0; path = lookback.app; sourceTree = BUILT_PRODUCTS_DIR; };
		8EA8108B256C1CEF004CF6A5 /* App.swift */ = {isa = PBXFileReference; lastKnownFileType = sourcecode.swift; path = App.swift; sourceTree = "<group>"; };
		8EA8108D256C1CEF004CF6A5 /* ActivityListView.swift */ = {isa = PBXFileReference; lastKnownFileType = sourcecode.swift; path = ActivityListView.swift; sourceTree = "<group>"; };
		8EA8108F256C1CF1004CF6A5 /* Assets.xcassets */ = {isa = PBXFileReference; lastKnownFileType = folder.assetcatalog; path = Assets.xcassets; sourceTree = "<group>"; };
		8EA81092256C1CF1004CF6A5 /* Preview Assets.xcassets */ = {isa = PBXFileReference; lastKnownFileType = folder.assetcatalog; path = "Preview Assets.xcassets"; sourceTree = "<group>"; };
		8EA81094256C1CF1004CF6A5 /* Info.plist */ = {isa = PBXFileReference; lastKnownFileType = text.plist.xml; path = Info.plist; sourceTree = "<group>"; };
		8EA810A9256C39BC004CF6A5 /* ActivityView.swift */ = {isa = PBXFileReference; lastKnownFileType = sourcecode.swift; path = ActivityView.swift; sourceTree = "<group>"; };
		8EA810D7256C471B004CF6A5 /* Array+Extensions.swift */ = {isa = PBXFileReference; fileEncoding = 4; lastKnownFileType = sourcecode.swift; path = "Array+Extensions.swift"; sourceTree = "<group>"; };
		8EA810DB256C471B004CF6A5 /* Date+Extension.swift */ = {isa = PBXFileReference; fileEncoding = 4; lastKnownFileType = sourcecode.swift; path = "Date+Extension.swift"; sourceTree = "<group>"; };
		8EA810DE256C471B004CF6A5 /* UIColor+Extensions.swift */ = {isa = PBXFileReference; fileEncoding = 4; lastKnownFileType = sourcecode.swift; path = "UIColor+Extensions.swift"; sourceTree = "<group>"; };
		8EA810E4256C471B004CF6A5 /* Common+Extensions.swift */ = {isa = PBXFileReference; fileEncoding = 4; lastKnownFileType = sourcecode.swift; path = "Common+Extensions.swift"; sourceTree = "<group>"; };
		8EA81121256C4869004CF6A5 /* CalendarGridCell.swift */ = {isa = PBXFileReference; fileEncoding = 4; lastKnownFileType = sourcecode.swift; path = CalendarGridCell.swift; sourceTree = "<group>"; };
		8EA81128256C487C004CF6A5 /* String+Lookback.swift */ = {isa = PBXFileReference; fileEncoding = 4; lastKnownFileType = sourcecode.swift; path = "String+Lookback.swift"; sourceTree = "<group>"; };
		8EA8112D256C487C004CF6A5 /* UIColor+Lookback.swift */ = {isa = PBXFileReference; fileEncoding = 4; lastKnownFileType = sourcecode.swift; path = "UIColor+Lookback.swift"; sourceTree = "<group>"; };
		8EA81130256C487D004CF6A5 /* UIFont+Lookback.swift */ = {isa = PBXFileReference; fileEncoding = 4; lastKnownFileType = sourcecode.swift; path = "UIFont+Lookback.swift"; sourceTree = "<group>"; };
		8EA8113F256C4A6B004CF6A5 /* CalendarWeekdayHeaderViewController.swift */ = {isa = PBXFileReference; fileEncoding = 4; lastKnownFileType = sourcecode.swift; path = CalendarWeekdayHeaderViewController.swift; sourceTree = "<group>"; };
		8EA81142256C4A6B004CF6A5 /* CalendarGridViewController.swift */ = {isa = PBXFileReference; fileEncoding = 4; lastKnownFileType = sourcecode.swift; path = CalendarGridViewController.swift; sourceTree = "<group>"; };
		8EA81143256C4A6B004CF6A5 /* ActivityViewController.swift */ = {isa = PBXFileReference; fileEncoding = 4; lastKnownFileType = sourcecode.swift; path = ActivityViewController.swift; sourceTree = "<group>"; };
		8EA81171256C4B33004CF6A5 /* Gotham-XLight.otf */ = {isa = PBXFileReference; lastKnownFileType = file; path = "Gotham-XLight.otf"; sourceTree = "<group>"; };
		8EA81172256C4B33004CF6A5 /* Gotham-Black.otf */ = {isa = PBXFileReference; lastKnownFileType = file; path = "Gotham-Black.otf"; sourceTree = "<group>"; };
		8EA81173256C4B33004CF6A5 /* Gotham-XLightItalic.otf */ = {isa = PBXFileReference; lastKnownFileType = file; path = "Gotham-XLightItalic.otf"; sourceTree = "<group>"; };
		8EA81174256C4B33004CF6A5 /* Gotham-Medium.otf */ = {isa = PBXFileReference; lastKnownFileType = file; path = "Gotham-Medium.otf"; sourceTree = "<group>"; };
		8EA81175256C4B33004CF6A5 /* Gotham-Book.otf */ = {isa = PBXFileReference; lastKnownFileType = file; path = "Gotham-Book.otf"; sourceTree = "<group>"; };
		8EA81176256C4B33004CF6A5 /* Gotham-Bold.otf */ = {isa = PBXFileReference; lastKnownFileType = file; path = "Gotham-Bold.otf"; sourceTree = "<group>"; };
		8EA81177256C4B33004CF6A5 /* Gotham-LightItalic.otf */ = {isa = PBXFileReference; lastKnownFileType = file; path = "Gotham-LightItalic.otf"; sourceTree = "<group>"; };
		8EA81178256C4B33004CF6A5 /* Gotham-Light.otf */ = {isa = PBXFileReference; lastKnownFileType = file; path = "Gotham-Light.otf"; sourceTree = "<group>"; };
		8EA81179256C4B33004CF6A5 /* Gotham-BoldItalic.otf */ = {isa = PBXFileReference; lastKnownFileType = file; path = "Gotham-BoldItalic.otf"; sourceTree = "<group>"; };
		8EA8117A256C4B33004CF6A5 /* Gotham-BookItalic.otf */ = {isa = PBXFileReference; lastKnownFileType = file; path = "Gotham-BookItalic.otf"; sourceTree = "<group>"; };
		8EA8117B256C4B33004CF6A5 /* BobRoss.swift */ = {isa = PBXFileReference; fileEncoding = 4; lastKnownFileType = sourcecode.swift; path = BobRoss.swift; sourceTree = "<group>"; };
		8EA8117C256C4B33004CF6A5 /* Gotham-BlackItalic.otf */ = {isa = PBXFileReference; lastKnownFileType = file; path = "Gotham-BlackItalic.otf"; sourceTree = "<group>"; };
		8EA8117D256C4B33004CF6A5 /* Gotham-MediumItalic.otf */ = {isa = PBXFileReference; lastKnownFileType = file; path = "Gotham-MediumItalic.otf"; sourceTree = "<group>"; };
		8EA81195256C58C3004CF6A5 /* lookback.xcdatamodel */ = {isa = PBXFileReference; lastKnownFileType = wrapper.xcdatamodel; path = lookback.xcdatamodel; sourceTree = "<group>"; };
		8EA81198256C597B004CF6A5 /* DataLayer.swift */ = {isa = PBXFileReference; lastKnownFileType = sourcecode.swift; path = DataLayer.swift; sourceTree = "<group>"; };
		8EA811C5256D577B004CF6A5 /* ActivityRowView.swift */ = {isa = PBXFileReference; lastKnownFileType = sourcecode.swift; path = ActivityRowView.swift; sourceTree = "<group>"; };
		8EA811D4256DA634004CF6A5 /* ActivityGridView.swift */ = {isa = PBXFileReference; lastKnownFileType = sourcecode.swift; path = ActivityGridView.swift; sourceTree = "<group>"; };
		8EA811D8256EB57E004CF6A5 /* TextAlert.swift */ = {isa = PBXFileReference; lastKnownFileType = sourcecode.swift; path = TextAlert.swift; sourceTree = "<group>"; };
		8EA811DB25769FC1004CF6A5 /* MarkerView.swift */ = {isa = PBXFileReference; lastKnownFileType = sourcecode.swift; path = MarkerView.swift; sourceTree = "<group>"; };
/* End PBXFileReference section */

/* Begin PBXFrameworksBuildPhase section */
		8EA81085256C1CEF004CF6A5 /* Frameworks */ = {
			isa = PBXFrameworksBuildPhase;
			buildActionMask = 2147483647;
			files = (
			);
			runOnlyForDeploymentPostprocessing = 0;
		};
/* End PBXFrameworksBuildPhase section */

/* Begin PBXGroup section */
		8EA8107F256C1CEF004CF6A5 = {
			isa = PBXGroup;
			children = (
				8EA81170256C4B33004CF6A5 /* Resources */,
				8EA810D6256C471B004CF6A5 /* Extensions */,
				8EA8113E256C4A6B004CF6A5 /* UIKit ViewControllers */,
				8EA8111E256C4869004CF6A5 /* UIKit Cells */,
				8EA81192256C58A8004CF6A5 /* CoreData */,
				8EA8108A256C1CEF004CF6A5 /* lookback */,
				8EA81089256C1CEF004CF6A5 /* Products */,
			);
			sourceTree = "<group>";
		};
		8EA81089256C1CEF004CF6A5 /* Products */ = {
			isa = PBXGroup;
			children = (
				8EA81088256C1CEF004CF6A5 /* lookback.app */,
			);
			name = Products;
			sourceTree = "<group>";
		};
		8EA8108A256C1CEF004CF6A5 /* lookback */ = {
			isa = PBXGroup;
			children = (
				8EA8108B256C1CEF004CF6A5 /* App.swift */,
				8E0624272587E64E00FBC033 /* UserSettings.swift */,
				8EA8108D256C1CEF004CF6A5 /* ActivityListView.swift */,
				8EA811C5256D577B004CF6A5 /* ActivityRowView.swift */,
				8EA810A9256C39BC004CF6A5 /* ActivityView.swift */,
				8E06242A2587F67A00FBC033 /* ActivitySettingsView.swift */,
				8EA811D4256DA634004CF6A5 /* ActivityGridView.swift */,
				8EA811DB25769FC1004CF6A5 /* MarkerView.swift */,
				8E426CDE2583E6A000B308A2 /* SettingsView.swift */,
				8EA811D8256EB57E004CF6A5 /* TextAlert.swift */,
				8E06242D2588537200FBC033 /* ReversedFlowLayout.swift */,
				8EA8108F256C1CF1004CF6A5 /* Assets.xcassets */,
				8EA81094256C1CF1004CF6A5 /* Info.plist */,
				8EA81091256C1CF1004CF6A5 /* Preview Content */,
			);
			path = lookback;
			sourceTree = "<group>";
		};
		8EA81091256C1CF1004CF6A5 /* Preview Content */ = {
			isa = PBXGroup;
			children = (
				8EA81092256C1CF1004CF6A5 /* Preview Assets.xcassets */,
			);
			path = "Preview Content";
			sourceTree = "<group>";
		};
		8EA810D6256C471B004CF6A5 /* Extensions */ = {
			isa = PBXGroup;
			children = (
				8EA81128256C487C004CF6A5 /* String+Lookback.swift */,
				8EA8112D256C487C004CF6A5 /* UIColor+Lookback.swift */,
				8EA81130256C487D004CF6A5 /* UIFont+Lookback.swift */,
				8EA810D7256C471B004CF6A5 /* Array+Extensions.swift */,
				8EA810DB256C471B004CF6A5 /* Date+Extension.swift */,
				8EA810DE256C471B004CF6A5 /* UIColor+Extensions.swift */,
				8EA810E4256C471B004CF6A5 /* Common+Extensions.swift */,
			);
			path = Extensions;
			sourceTree = "<group>";
		};
		8EA8111E256C4869004CF6A5 /* UIKit Cells */ = {
			isa = PBXGroup;
			children = (
				8EA81121256C4869004CF6A5 /* CalendarGridCell.swift */,
			);
			path = "UIKit Cells";
			sourceTree = "<group>";
		};
		8EA8113E256C4A6B004CF6A5 /* UIKit ViewControllers */ = {
			isa = PBXGroup;
			children = (
				8EA8113F256C4A6B004CF6A5 /* CalendarWeekdayHeaderViewController.swift */,
				8EA81142256C4A6B004CF6A5 /* CalendarGridViewController.swift */,
				8EA81143256C4A6B004CF6A5 /* ActivityViewController.swift */,
			);
			path = "UIKit ViewControllers";
			sourceTree = "<group>";
		};
		8EA81170256C4B33004CF6A5 /* Resources */ = {
			isa = PBXGroup;
			children = (
				8EA8117B256C4B33004CF6A5 /* BobRoss.swift */,
				8EA81171256C4B33004CF6A5 /* Gotham-XLight.otf */,
				8EA81172256C4B33004CF6A5 /* Gotham-Black.otf */,
				8EA81173256C4B33004CF6A5 /* Gotham-XLightItalic.otf */,
				8EA81174256C4B33004CF6A5 /* Gotham-Medium.otf */,
				8EA81175256C4B33004CF6A5 /* Gotham-Book.otf */,
				8EA81176256C4B33004CF6A5 /* Gotham-Bold.otf */,
				8EA81177256C4B33004CF6A5 /* Gotham-LightItalic.otf */,
				8EA81178256C4B33004CF6A5 /* Gotham-Light.otf */,
				8EA81179256C4B33004CF6A5 /* Gotham-BoldItalic.otf */,
				8EA8117A256C4B33004CF6A5 /* Gotham-BookItalic.otf */,
				8EA8117C256C4B33004CF6A5 /* Gotham-BlackItalic.otf */,
				8EA8117D256C4B33004CF6A5 /* Gotham-MediumItalic.otf */,
			);
			path = Resources;
			sourceTree = "<group>";
		};
		8EA81192256C58A8004CF6A5 /* CoreData */ = {
			isa = PBXGroup;
			children = (
				8EA81194256C58C3004CF6A5 /* lookback.xcdatamodeld */,
				8EA81198256C597B004CF6A5 /* DataLayer.swift */,
			);
			path = CoreData;
			sourceTree = "<group>";
		};
/* End PBXGroup section */

/* Begin PBXNativeTarget section */
		8EA81087256C1CEF004CF6A5 /* lookback */ = {
			isa = PBXNativeTarget;
			buildConfigurationList = 8EA81097256C1CF1004CF6A5 /* Build configuration list for PBXNativeTarget "lookback" */;
			buildPhases = (
				8EA81084256C1CEF004CF6A5 /* Sources */,
				8EA81085256C1CEF004CF6A5 /* Frameworks */,
				8EA81086256C1CEF004CF6A5 /* Resources */,
			);
			buildRules = (
			);
			dependencies = (
			);
			name = lookback;
			productName = lookback;
			productReference = 8EA81088256C1CEF004CF6A5 /* lookback.app */;
			productType = "com.apple.product-type.application";
		};
/* End PBXNativeTarget section */

/* Begin PBXProject section */
		8EA81080256C1CEF004CF6A5 /* Project object */ = {
			isa = PBXProject;
			attributes = {
				LastSwiftUpdateCheck = 1200;
				LastUpgradeCheck = 1200;
				TargetAttributes = {
					8EA81087256C1CEF004CF6A5 = {
						CreatedOnToolsVersion = 12.0;
						LastSwiftMigration = 1200;
					};
				};
			};
			buildConfigurationList = 8EA81083256C1CEF004CF6A5 /* Build configuration list for PBXProject "lookback" */;
			compatibilityVersion = "Xcode 9.3";
			developmentRegion = en;
			hasScannedForEncodings = 0;
			knownRegions = (
				en,
				Base,
			);
			mainGroup = 8EA8107F256C1CEF004CF6A5;
			productRefGroup = 8EA81089256C1CEF004CF6A5 /* Products */;
			projectDirPath = "";
			projectRoot = "";
			targets = (
				8EA81087256C1CEF004CF6A5 /* lookback */,
			);
		};
/* End PBXProject section */

/* Begin PBXResourcesBuildPhase section */
		8EA81086256C1CEF004CF6A5 /* Resources */ = {
			isa = PBXResourcesBuildPhase;
			buildActionMask = 2147483647;
			files = (
				8EA81181256C4B33004CF6A5 /* Gotham-Medium.otf in Resources */,
				8EA8117E256C4B33004CF6A5 /* Gotham-XLight.otf in Resources */,
				8EA81189256C4B33004CF6A5 /* Gotham-BlackItalic.otf in Resources */,
				8EA81184256C4B33004CF6A5 /* Gotham-LightItalic.otf in Resources */,
				8EA8117F256C4B33004CF6A5 /* Gotham-Black.otf in Resources */,
				8EA81185256C4B33004CF6A5 /* Gotham-Light.otf in Resources */,
				8EA81186256C4B33004CF6A5 /* Gotham-BoldItalic.otf in Resources */,
				8EA81187256C4B33004CF6A5 /* Gotham-BookItalic.otf in Resources */,
				8EA81180256C4B33004CF6A5 /* Gotham-XLightItalic.otf in Resources */,
				8EA81183256C4B33004CF6A5 /* Gotham-Bold.otf in Resources */,
				8EA8118A256C4B33004CF6A5 /* Gotham-MediumItalic.otf in Resources */,
				8EA81093256C1CF1004CF6A5 /* Preview Assets.xcassets in Resources */,
				8EA81182256C4B33004CF6A5 /* Gotham-Book.otf in Resources */,
				8EA81090256C1CF1004CF6A5 /* Assets.xcassets in Resources */,
			);
			runOnlyForDeploymentPostprocessing = 0;
		};
/* End PBXResourcesBuildPhase section */

/* Begin PBXSourcesBuildPhase section */
		8EA81084256C1CEF004CF6A5 /* Sources */ = {
			isa = PBXSourcesBuildPhase;
			buildActionMask = 2147483647;
			files = (
				8EA81149256C4A6B004CF6A5 /* CalendarWeekdayHeaderViewController.swift in Sources */,
				8E426CDF2583E6A000B308A2 /* SettingsView.swift in Sources */,
				8EA8113B256C487D004CF6A5 /* UIFont+Lookback.swift in Sources */,
				8EA8114D256C4A6B004CF6A5 /* ActivityViewController.swift in Sources */,
				8EA81124256C4869004CF6A5 /* CalendarGridCell.swift in Sources */,
				8EA8108E256C1CEF004CF6A5 /* ActivityListView.swift in Sources */,
				8EA811C6256D577B004CF6A5 /* ActivityRowView.swift in Sources */,
				8EA811D9256EB57E004CF6A5 /* TextAlert.swift in Sources */,
				8EA811DC25769FC1004CF6A5 /* MarkerView.swift in Sources */,
				8E06242E2588537200FBC033 /* ReversedFlowLayout.swift in Sources */,
				8EA81196256C58C3004CF6A5 /* lookback.xcdatamodeld in Sources */,
				8EA8114C256C4A6B004CF6A5 /* CalendarGridViewController.swift in Sources */,
				8E0624282587E64E00FBC033 /* UserSettings.swift in Sources */,
				8EA8108C256C1CEF004CF6A5 /* App.swift in Sources */,
				8EA810AA256C39BC004CF6A5 /* ActivityView.swift in Sources */,
				8EA810FE256C471B004CF6A5 /* Date+Extension.swift in Sources */,
				8EA81199256C597B004CF6A5 /* DataLayer.swift in Sources */,
				8EA811D5256DA634004CF6A5 /* ActivityGridView.swift in Sources */,
				8EA81138256C487D004CF6A5 /* UIColor+Lookback.swift in Sources */,
				8EA81101256C471B004CF6A5 /* UIColor+Extensions.swift in Sources */,
				8EA81188256C4B33004CF6A5 /* BobRoss.swift in Sources */,
				8EA810FA256C471B004CF6A5 /* Array+Extensions.swift in Sources */,
				8EA81133256C487D004CF6A5 /* String+Lookback.swift in Sources */,
				8EA81107256C471B004CF6A5 /* Common+Extensions.swift in Sources */,
				8E06242B2587F67A00FBC033 /* ActivitySettingsView.swift in Sources */,
			);
			runOnlyForDeploymentPostprocessing = 0;
		};
/* End PBXSourcesBuildPhase section */

/* Begin XCBuildConfiguration section */
		8EA81095256C1CF1004CF6A5 /* Debug */ = {
			isa = XCBuildConfiguration;
			buildSettings = {
				ALWAYS_SEARCH_USER_PATHS = NO;
				CLANG_ANALYZER_NONNULL = YES;
				CLANG_ANALYZER_NUMBER_OBJECT_CONVERSION = YES_AGGRESSIVE;
				CLANG_CXX_LANGUAGE_STANDARD = "gnu++14";
				CLANG_CXX_LIBRARY = "libc++";
				CLANG_ENABLE_MODULES = YES;
				CLANG_ENABLE_OBJC_ARC = YES;
				CLANG_ENABLE_OBJC_WEAK = YES;
				CLANG_WARN_BLOCK_CAPTURE_AUTORELEASING = YES;
				CLANG_WARN_BOOL_CONVERSION = YES;
				CLANG_WARN_COMMA = YES;
				CLANG_WARN_CONSTANT_CONVERSION = YES;
				CLANG_WARN_DEPRECATED_OBJC_IMPLEMENTATIONS = YES;
				CLANG_WARN_DIRECT_OBJC_ISA_USAGE = YES_ERROR;
				CLANG_WARN_DOCUMENTATION_COMMENTS = YES;
				CLANG_WARN_EMPTY_BODY = YES;
				CLANG_WARN_ENUM_CONVERSION = YES;
				CLANG_WARN_INFINITE_RECURSION = YES;
				CLANG_WARN_INT_CONVERSION = YES;
				CLANG_WARN_NON_LITERAL_NULL_CONVERSION = YES;
				CLANG_WARN_OBJC_IMPLICIT_RETAIN_SELF = YES;
				CLANG_WARN_OBJC_LITERAL_CONVERSION = YES;
				CLANG_WARN_OBJC_ROOT_CLASS = YES_ERROR;
				CLANG_WARN_QUOTED_INCLUDE_IN_FRAMEWORK_HEADER = YES;
				CLANG_WARN_RANGE_LOOP_ANALYSIS = YES;
				CLANG_WARN_STRICT_PROTOTYPES = YES;
				CLANG_WARN_SUSPICIOUS_MOVE = YES;
				CLANG_WARN_UNGUARDED_AVAILABILITY = YES_AGGRESSIVE;
				CLANG_WARN_UNREACHABLE_CODE = YES;
				CLANG_WARN__DUPLICATE_METHOD_MATCH = YES;
				COPY_PHASE_STRIP = NO;
				DEBUG_INFORMATION_FORMAT = dwarf;
				ENABLE_STRICT_OBJC_MSGSEND = YES;
				ENABLE_TESTABILITY = YES;
				GCC_C_LANGUAGE_STANDARD = gnu11;
				GCC_DYNAMIC_NO_PIC = NO;
				GCC_NO_COMMON_BLOCKS = YES;
				GCC_OPTIMIZATION_LEVEL = 0;
				GCC_PREPROCESSOR_DEFINITIONS = (
					"DEBUG=1",
					"$(inherited)",
				);
				GCC_WARN_64_TO_32_BIT_CONVERSION = YES;
				GCC_WARN_ABOUT_RETURN_TYPE = YES_ERROR;
				GCC_WARN_UNDECLARED_SELECTOR = YES;
				GCC_WARN_UNINITIALIZED_AUTOS = YES_AGGRESSIVE;
				GCC_WARN_UNUSED_FUNCTION = YES;
				GCC_WARN_UNUSED_VARIABLE = YES;
				IPHONEOS_DEPLOYMENT_TARGET = 14.0;
				MTL_ENABLE_DEBUG_INFO = INCLUDE_SOURCE;
				MTL_FAST_MATH = YES;
				ONLY_ACTIVE_ARCH = YES;
				SDKROOT = iphoneos;
				SWIFT_ACTIVE_COMPILATION_CONDITIONS = DEBUG;
				SWIFT_OPTIMIZATION_LEVEL = "-Onone";
			};
			name = Debug;
		};
		8EA81096256C1CF1004CF6A5 /* Release */ = {
			isa = XCBuildConfiguration;
			buildSettings = {
				ALWAYS_SEARCH_USER_PATHS = NO;
				CLANG_ANALYZER_NONNULL = YES;
				CLANG_ANALYZER_NUMBER_OBJECT_CONVERSION = YES_AGGRESSIVE;
				CLANG_CXX_LANGUAGE_STANDARD = "gnu++14";
				CLANG_CXX_LIBRARY = "libc++";
				CLANG_ENABLE_MODULES = YES;
				CLANG_ENABLE_OBJC_ARC = YES;
				CLANG_ENABLE_OBJC_WEAK = YES;
				CLANG_WARN_BLOCK_CAPTURE_AUTORELEASING = YES;
				CLANG_WARN_BOOL_CONVERSION = YES;
				CLANG_WARN_COMMA = YES;
				CLANG_WARN_CONSTANT_CONVERSION = YES;
				CLANG_WARN_DEPRECATED_OBJC_IMPLEMENTATIONS = YES;
				CLANG_WARN_DIRECT_OBJC_ISA_USAGE = YES_ERROR;
				CLANG_WARN_DOCUMENTATION_COMMENTS = YES;
				CLANG_WARN_EMPTY_BODY = YES;
				CLANG_WARN_ENUM_CONVERSION = YES;
				CLANG_WARN_INFINITE_RECURSION = YES;
				CLANG_WARN_INT_CONVERSION = YES;
				CLANG_WARN_NON_LITERAL_NULL_CONVERSION = YES;
				CLANG_WARN_OBJC_IMPLICIT_RETAIN_SELF = YES;
				CLANG_WARN_OBJC_LITERAL_CONVERSION = YES;
				CLANG_WARN_OBJC_ROOT_CLASS = YES_ERROR;
				CLANG_WARN_QUOTED_INCLUDE_IN_FRAMEWORK_HEADER = YES;
				CLANG_WARN_RANGE_LOOP_ANALYSIS = YES;
				CLANG_WARN_STRICT_PROTOTYPES = YES;
				CLANG_WARN_SUSPICIOUS_MOVE = YES;
				CLANG_WARN_UNGUARDED_AVAILABILITY = YES_AGGRESSIVE;
				CLANG_WARN_UNREACHABLE_CODE = YES;
				CLANG_WARN__DUPLICATE_METHOD_MATCH = YES;
				COPY_PHASE_STRIP = NO;
				DEBUG_INFORMATION_FORMAT = "dwarf-with-dsym";
				ENABLE_NS_ASSERTIONS = NO;
				ENABLE_STRICT_OBJC_MSGSEND = YES;
				GCC_C_LANGUAGE_STANDARD = gnu11;
				GCC_NO_COMMON_BLOCKS = YES;
				GCC_WARN_64_TO_32_BIT_CONVERSION = YES;
				GCC_WARN_ABOUT_RETURN_TYPE = YES_ERROR;
				GCC_WARN_UNDECLARED_SELECTOR = YES;
				GCC_WARN_UNINITIALIZED_AUTOS = YES_AGGRESSIVE;
				GCC_WARN_UNUSED_FUNCTION = YES;
				GCC_WARN_UNUSED_VARIABLE = YES;
				IPHONEOS_DEPLOYMENT_TARGET = 14.0;
				MTL_ENABLE_DEBUG_INFO = NO;
				MTL_FAST_MATH = YES;
				SDKROOT = iphoneos;
				SWIFT_COMPILATION_MODE = wholemodule;
				SWIFT_OPTIMIZATION_LEVEL = "-O";
				VALIDATE_PRODUCT = YES;
			};
			name = Release;
		};
		8EA81098256C1CF1004CF6A5 /* Debug */ = {
			isa = XCBuildConfiguration;
			buildSettings = {
				ASSETCATALOG_COMPILER_APPICON_NAME = AppIcon;
				ASSETCATALOG_COMPILER_GLOBAL_ACCENT_COLOR_NAME = AccentColor;
				CLANG_ENABLE_MODULES = YES;
				CODE_SIGN_STYLE = Automatic;
				DEVELOPMENT_ASSET_PATHS = "\"lookback/Preview Content\"";
				DEVELOPMENT_TEAM = GRP7VM337T;
				ENABLE_PREVIEWS = YES;
				INFOPLIST_FILE = lookback/Info.plist;
				IPHONEOS_DEPLOYMENT_TARGET = 14.0;
				LD_RUNPATH_SEARCH_PATHS = (
					"$(inherited)",
					"@executable_path/Frameworks",
				);
				PRODUCT_BUNDLE_IDENTIFIER = com.hardflip.lookback;
				PRODUCT_NAME = "$(TARGET_NAME)";
				SWIFT_OBJC_BRIDGING_HEADER = "";
				SWIFT_OPTIMIZATION_LEVEL = "-Onone";
				SWIFT_VERSION = 5.0;
				TARGETED_DEVICE_FAMILY = "1,2";
			};
			name = Debug;
		};
		8EA81099256C1CF1004CF6A5 /* Release */ = {
			isa = XCBuildConfiguration;
			buildSettings = {
				ASSETCATALOG_COMPILER_APPICON_NAME = AppIcon;
				ASSETCATALOG_COMPILER_GLOBAL_ACCENT_COLOR_NAME = AccentColor;
				CLANG_ENABLE_MODULES = YES;
				CODE_SIGN_STYLE = Automatic;
				DEVELOPMENT_ASSET_PATHS = "\"lookback/Preview Content\"";
				DEVELOPMENT_TEAM = GRP7VM337T;
				ENABLE_PREVIEWS = YES;
				INFOPLIST_FILE = lookback/Info.plist;
				IPHONEOS_DEPLOYMENT_TARGET = 14.0;
				LD_RUNPATH_SEARCH_PATHS = (
					"$(inherited)",
					"@executable_path/Frameworks",
				);
				PRODUCT_BUNDLE_IDENTIFIER = com.hardflip.lookback;
				PRODUCT_NAME = "$(TARGET_NAME)";
				SWIFT_OBJC_BRIDGING_HEADER = "";
				SWIFT_VERSION = 5.0;
				TARGETED_DEVICE_FAMILY = "1,2";
			};
			name = Release;
		};
/* End XCBuildConfiguration section */

/* Begin XCConfigurationList section */
		8EA81083256C1CEF004CF6A5 /* Build configuration list for PBXProject "lookback" */ = {
			isa = XCConfigurationList;
			buildConfigurations = (
				8EA81095256C1CF1004CF6A5 /* Debug */,
				8EA81096256C1CF1004CF6A5 /* Release */,
			);
			defaultConfigurationIsVisible = 0;
			defaultConfigurationName = Release;
		};
		8EA81097256C1CF1004CF6A5 /* Build configuration list for PBXNativeTarget "lookback" */ = {
			isa = XCConfigurationList;
			buildConfigurations = (
				8EA81098256C1CF1004CF6A5 /* Debug */,
				8EA81099256C1CF1004CF6A5 /* Release */,
			);
			defaultConfigurationIsVisible = 0;
			defaultConfigurationName = Release;
		};
/* End XCConfigurationList section */

/* Begin XCVersionGroup section */
		8EA81194256C58C3004CF6A5 /* lookback.xcdatamodeld */ = {
			isa = XCVersionGroup;
			children = (
				8EA81195256C58C3004CF6A5 /* lookback.xcdatamodel */,
			);
			currentVersion = 8EA81195256C58C3004CF6A5 /* lookback.xcdatamodel */;
			path = lookback.xcdatamodeld;
			sourceTree = "<group>";
			versionGroupType = wrapper.xcdatamodel;
		};
/* End XCVersionGroup section */
	};
	rootObject = 8EA81080256C1CEF004CF6A5 /* Project object */;
}
